
Microsoft Visual Studio Solution File, Format Version 12.00
# Visual Studio Version 17
VisualStudioVersion = 17.14.36623.8 d17.14
MinimumVisualStudioVersion = 10.0.40219.1
Project("{FAE04EC0-301F-11D3-BF4B-00C04F79EFBC}") = "WorkWithContacts", "WorkWithContacts.csproj", "{37EE7EAC-D5D8-4EE3-BC63-0CED53293665}"
EndProject
Global
	GlobalSection(SolutionConfigurationPlatforms) = preSolution
		Debug|Any CPU = Debug|Any CPU
		Release|Any CPU = Release|Any CPU
	EndGlobalSection
	GlobalSection(ProjectConfigurationPlatforms) = postSolution
		{37EE7EAC-D5D8-4EE3-BC63-0CED53293665}.Debug|Any CPU.ActiveCfg = Debug|Any CPU
		{37EE7EAC-D5D8-4EE3-BC63-0CED53293665}.Debug|Any CPU.Build.0 = Debug|Any CPU
		{37EE7EAC-D5D8-4EE3-BC63-0CED53293665}.Release|Any CPU.ActiveCfg = Release|Any CPU
		{37EE7EAC-D5D8-4EE3-BC63-0CED53293665}.Release|Any CPU.Build.0 = Release|Any CPU
	EndGlobalSection
	GlobalSection(SolutionProperties) = preSolution
		HideSolutionNode = FALSE
	EndGlobalSection
	GlobalSection(ExtensibilityGlobals) = postSolution
		SolutionGuid = {0720D19D-360D-4D97-8AE8-38DBDBDB1E82}
	EndGlobalSection
EndGlobal
